
Microsoft Visual Studio Solution File, Format Version 12.00
# Visual Studio Version 17
VisualStudioVersion = 17.11.35327.3
MinimumVisualStudioVersion = 10.0.40219.1
Project("{FAE04EC0-301F-11D3-BF4B-00C04F79EFBC}") = "Login_Test", "Login_Test\Login_Test.csproj", "{F4063192-AEE9-45CA-A3A3-DB50D1303A40}"
EndProject
Global
	GlobalSection(SolutionConfigurationPlatforms) = preSolution
		Debug|Any CPU = Debug|Any CPU
		Release|Any CPU = Release|Any CPU
	EndGlobalSection
	GlobalSection(ProjectConfigurationPlatforms) = postSolution
		{F4063192-AEE9-45CA-A3A3-DB50D1303A40}.Debug|Any CPU.ActiveCfg = Debug|Any CPU
		{F4063192-AEE9-45CA-A3A3-DB50D1303A40}.Debug|Any CPU.Build.0 = Debug|Any CPU
		{F4063192-AEE9-45CA-A3A3-DB50D1303A40}.Release|Any CPU.ActiveCfg = Release|Any CPU
		{F4063192-AEE9-45CA-A3A3-DB50D1303A40}.Release|Any CPU.Build.0 = Release|Any CPU
	EndGlobalSection
	GlobalSection(SolutionProperties) = preSolution
		HideSolutionNode = FALSE
	EndGlobalSection
	GlobalSection(ExtensibilityGlobals) = postSolution
		SolutionGuid = {F70DFF75-4DE8-4A65-AD10-E2E561180C76}
	EndGlobalSection
EndGlobal
